// !$*UTF8*$!
{
	archiveVersion = 1;
	classes = {
	};
	objectVersion = 46;
	objects = {

/* Begin PBXBuildFile section */
		3E310A241E6B754F0008FDE9 /* AuthService.swift in Sources */ = {isa = PBXBuildFile; fileRef = 3E310A231E6B754F0008FDE9 /* AuthService.swift */; };
		3E310A261E6B7B670008FDE9 /* GoogleService-Info.plist in Resources */ = {isa = PBXBuildFile; fileRef = 3E310A251E6B7B670008FDE9 /* GoogleService-Info.plist */; };
		3E310A281E6B8E410008FDE9 /* UserService.swift in Sources */ = {isa = PBXBuildFile; fileRef = 3E310A271E6B8E410008FDE9 /* UserService.swift */; };
		3E61F7621E6B6D7100AD6F5E /* ChallengeDonationViewController.swift in Sources */ = {isa = PBXBuildFile; fileRef = 3E61F7611E6B6D7100AD6F5E /* ChallengeDonationViewController.swift */; };
		3E61F7641E6B6EDD00AD6F5E /* TabBarViewController.swift in Sources */ = {isa = PBXBuildFile; fileRef = 3E61F7631E6B6EDD00AD6F5E /* TabBarViewController.swift */; };
		3E61F7661E6B701F00AD6F5E /* ProfileViewController.swift in Sources */ = {isa = PBXBuildFile; fileRef = 3E61F7651E6B701F00AD6F5E /* ProfileViewController.swift */; };
		3E61F7681E6B704E00AD6F5E /* InitialViewController.swift in Sources */ = {isa = PBXBuildFile; fileRef = 3E61F7671E6B704E00AD6F5E /* InitialViewController.swift */; };
		3EDEDC441E6B47610013DF12 /* AppDelegate.swift in Sources */ = {isa = PBXBuildFile; fileRef = 3EDEDC431E6B47610013DF12 /* AppDelegate.swift */; };
		3EDEDC461E6B47610013DF12 /* ViewController.swift in Sources */ = {isa = PBXBuildFile; fileRef = 3EDEDC451E6B47610013DF12 /* ViewController.swift */; };
		3EDEDC491E6B47610013DF12 /* Main.storyboard in Resources */ = {isa = PBXBuildFile; fileRef = 3EDEDC471E6B47610013DF12 /* Main.storyboard */; };
		3EDEDC4B1E6B47610013DF12 /* Assets.xcassets in Resources */ = {isa = PBXBuildFile; fileRef = 3EDEDC4A1E6B47610013DF12 /* Assets.xcassets */; };
		3EDEDC4E1E6B47610013DF12 /* LaunchScreen.storyboard in Resources */ = {isa = PBXBuildFile; fileRef = 3EDEDC4C1E6B47610013DF12 /* LaunchScreen.storyboard */; };
		3EDEDC591E6B47610013DF12 /* DinosaurTests.swift in Sources */ = {isa = PBXBuildFile; fileRef = 3EDEDC581E6B47610013DF12 /* DinosaurTests.swift */; };
		3EDEDC641E6B47620013DF12 /* DinosaurUITests.swift in Sources */ = {isa = PBXBuildFile; fileRef = 3EDEDC631E6B47620013DF12 /* DinosaurUITests.swift */; };
		3EDEDC751E6B52F70013DF12 /* DonatedViewController.swift in Sources */ = {isa = PBXBuildFile; fileRef = 3EDEDC741E6B52F70013DF12 /* DonatedViewController.swift */; };
		3EDEDC771E6B536B0013DF12 /* User.swift in Sources */ = {isa = PBXBuildFile; fileRef = 3EDEDC761E6B536B0013DF12 /* User.swift */; };
		EFCFC32D198C501ED59563CE /* Pods_Dinosaur.framework in Frameworks */ = {isa = PBXBuildFile; fileRef = D4AC30AC5E527894DD194BA2 /* Pods_Dinosaur.framework */; };
/* End PBXBuildFile section */

/* Begin PBXContainerItemProxy section */
		3EDEDC551E6B47610013DF12 /* PBXContainerItemProxy */ = {
			isa = PBXContainerItemProxy;
			containerPortal = 3EDEDC381E6B47610013DF12 /* Project object */;
			proxyType = 1;
			remoteGlobalIDString = 3EDEDC3F1E6B47610013DF12;
			remoteInfo = Dinosaur;
		};
		3EDEDC601E6B47620013DF12 /* PBXContainerItemProxy */ = {
			isa = PBXContainerItemProxy;
			containerPortal = 3EDEDC381E6B47610013DF12 /* Project object */;
			proxyType = 1;
			remoteGlobalIDString = 3EDEDC3F1E6B47610013DF12;
			remoteInfo = Dinosaur;
		};
/* End PBXContainerItemProxy section */

/* Begin PBXFileReference section */
		020002697D5A7C9DAD750996 /* Pods-Dinosaur.release.xcconfig */ = {isa = PBXFileReference; includeInIndex = 1; lastKnownFileType = text.xcconfig; name = "Pods-Dinosaur.release.xcconfig"; path = "Pods/Target Support Files/Pods-Dinosaur/Pods-Dinosaur.release.xcconfig"; sourceTree = "<group>"; };
		3E310A231E6B754F0008FDE9 /* AuthService.swift */ = {isa = PBXFileReference; fileEncoding = 4; lastKnownFileType = sourcecode.swift; path = AuthService.swift; sourceTree = "<group>"; };
		3E310A251E6B7B670008FDE9 /* GoogleService-Info.plist */ = {isa = PBXFileReference; fileEncoding = 4; lastKnownFileType = text.plist.xml; path = "GoogleService-Info.plist"; sourceTree = "<group>"; };
		3E310A271E6B8E410008FDE9 /* UserService.swift */ = {isa = PBXFileReference; fileEncoding = 4; lastKnownFileType = sourcecode.swift; path = UserService.swift; sourceTree = "<group>"; };
		3E61F7611E6B6D7100AD6F5E /* ChallengeDonationViewController.swift */ = {isa = PBXFileReference; fileEncoding = 4; lastKnownFileType = sourcecode.swift; path = ChallengeDonationViewController.swift; sourceTree = "<group>"; };
		3E61F7631E6B6EDD00AD6F5E /* TabBarViewController.swift */ = {isa = PBXFileReference; fileEncoding = 4; lastKnownFileType = sourcecode.swift; path = TabBarViewController.swift; sourceTree = "<group>"; };
		3E61F7651E6B701F00AD6F5E /* ProfileViewController.swift */ = {isa = PBXFileReference; fileEncoding = 4; lastKnownFileType = sourcecode.swift; path = ProfileViewController.swift; sourceTree = "<group>"; };
		3E61F7671E6B704E00AD6F5E /* InitialViewController.swift */ = {isa = PBXFileReference; fileEncoding = 4; lastKnownFileType = sourcecode.swift; path = InitialViewController.swift; sourceTree = "<group>"; };
		3EDEDC401E6B47610013DF12 /* Dinosaur.app */ = {isa = PBXFileReference; explicitFileType = wrapper.application; includeInIndex = 0; path = Dinosaur.app; sourceTree = BUILT_PRODUCTS_DIR; };
		3EDEDC431E6B47610013DF12 /* AppDelegate.swift */ = {isa = PBXFileReference; lastKnownFileType = sourcecode.swift; path = AppDelegate.swift; sourceTree = "<group>"; };
		3EDEDC451E6B47610013DF12 /* ViewController.swift */ = {isa = PBXFileReference; lastKnownFileType = sourcecode.swift; path = ViewController.swift; sourceTree = "<group>"; };
		3EDEDC481E6B47610013DF12 /* Base */ = {isa = PBXFileReference; lastKnownFileType = file.storyboard; name = Base; path = Base.lproj/Main.storyboard; sourceTree = "<group>"; };
		3EDEDC4A1E6B47610013DF12 /* Assets.xcassets */ = {isa = PBXFileReference; lastKnownFileType = folder.assetcatalog; path = Assets.xcassets; sourceTree = "<group>"; };
		3EDEDC4D1E6B47610013DF12 /* Base */ = {isa = PBXFileReference; lastKnownFileType = file.storyboard; name = Base; path = Base.lproj/LaunchScreen.storyboard; sourceTree = "<group>"; };
		3EDEDC4F1E6B47610013DF12 /* Info.plist */ = {isa = PBXFileReference; lastKnownFileType = text.plist.xml; path = Info.plist; sourceTree = "<group>"; };
		3EDEDC541E6B47610013DF12 /* DinosaurTests.xctest */ = {isa = PBXFileReference; explicitFileType = wrapper.cfbundle; includeInIndex = 0; path = DinosaurTests.xctest; sourceTree = BUILT_PRODUCTS_DIR; };
		3EDEDC581E6B47610013DF12 /* DinosaurTests.swift */ = {isa = PBXFileReference; lastKnownFileType = sourcecode.swift; path = DinosaurTests.swift; sourceTree = "<group>"; };
		3EDEDC5A1E6B47610013DF12 /* Info.plist */ = {isa = PBXFileReference; lastKnownFileType = text.plist.xml; path = Info.plist; sourceTree = "<group>"; };
		3EDEDC5F1E6B47620013DF12 /* DinosaurUITests.xctest */ = {isa = PBXFileReference; explicitFileType = wrapper.cfbundle; includeInIndex = 0; path = DinosaurUITests.xctest; sourceTree = BUILT_PRODUCTS_DIR; };
		3EDEDC631E6B47620013DF12 /* DinosaurUITests.swift */ = {isa = PBXFileReference; lastKnownFileType = sourcecode.swift; path = DinosaurUITests.swift; sourceTree = "<group>"; };
		3EDEDC651E6B47620013DF12 /* Info.plist */ = {isa = PBXFileReference; lastKnownFileType = text.plist.xml; path = Info.plist; sourceTree = "<group>"; };
		3EDEDC741E6B52F70013DF12 /* DonatedViewController.swift */ = {isa = PBXFileReference; fileEncoding = 4; lastKnownFileType = sourcecode.swift; path = DonatedViewController.swift; sourceTree = "<group>"; };
		3EDEDC761E6B536B0013DF12 /* User.swift */ = {isa = PBXFileReference; fileEncoding = 4; lastKnownFileType = sourcecode.swift; path = User.swift; sourceTree = "<group>"; };
		499E54212BD1D603CB9366CB /* Pods-Dinosaur.debug.xcconfig */ = {isa = PBXFileReference; includeInIndex = 1; lastKnownFileType = text.xcconfig; name = "Pods-Dinosaur.debug.xcconfig"; path = "Pods/Target Support Files/Pods-Dinosaur/Pods-Dinosaur.debug.xcconfig"; sourceTree = "<group>"; };
		D4AC30AC5E527894DD194BA2 /* Pods_Dinosaur.framework */ = {isa = PBXFileReference; explicitFileType = wrapper.framework; includeInIndex = 0; path = Pods_Dinosaur.framework; sourceTree = BUILT_PRODUCTS_DIR; };
/* End PBXFileReference section */

/* Begin PBXFrameworksBuildPhase section */
		3EDEDC3D1E6B47610013DF12 /* Frameworks */ = {
			isa = PBXFrameworksBuildPhase;
			buildActionMask = 2147483647;
			files = (
				EFCFC32D198C501ED59563CE /* Pods_Dinosaur.framework in Frameworks */,
			);
			runOnlyForDeploymentPostprocessing = 0;
		};
		3EDEDC511E6B47610013DF12 /* Frameworks */ = {
			isa = PBXFrameworksBuildPhase;
			buildActionMask = 2147483647;
			files = (
			);
			runOnlyForDeploymentPostprocessing = 0;
		};
		3EDEDC5C1E6B47620013DF12 /* Frameworks */ = {
			isa = PBXFrameworksBuildPhase;
			buildActionMask = 2147483647;
			files = (
			);
			runOnlyForDeploymentPostprocessing = 0;
		};
/* End PBXFrameworksBuildPhase section */

/* Begin PBXGroup section */
		3EDEDC371E6B47610013DF12 = {
			isa = PBXGroup;
			children = (
				3EDEDC421E6B47610013DF12 /* Dinosaur */,
				3EDEDC571E6B47610013DF12 /* DinosaurTests */,
				3EDEDC621E6B47620013DF12 /* DinosaurUITests */,
				3EDEDC411E6B47610013DF12 /* Products */,
				8C6356DE8883E91EFB7F696D /* Pods */,
				67A5C37F1CC656FEEBEFA0E1 /* Frameworks */,
			);
			sourceTree = "<group>";
		};
		3EDEDC411E6B47610013DF12 /* Products */ = {
			isa = PBXGroup;
			children = (
				3EDEDC401E6B47610013DF12 /* Dinosaur.app */,
				3EDEDC541E6B47610013DF12 /* DinosaurTests.xctest */,
				3EDEDC5F1E6B47620013DF12 /* DinosaurUITests.xctest */,
			);
			name = Products;
			sourceTree = "<group>";
		};
		3EDEDC421E6B47610013DF12 /* Dinosaur */ = {
			isa = PBXGroup;
			children = (
				3E310A251E6B7B670008FDE9 /* GoogleService-Info.plist */,
				3EDEDC731E6B4A1E0013DF12 /* Controllers */,
				3EDEDC721E6B4A160013DF12 /* Models */,
				3EDEDC711E6B4A100013DF12 /* Views */,
				3EDEDC431E6B47610013DF12 /* AppDelegate.swift */,
				3EDEDC4A1E6B47610013DF12 /* Assets.xcassets */,
				3EDEDC4C1E6B47610013DF12 /* LaunchScreen.storyboard */,
				3EDEDC4F1E6B47610013DF12 /* Info.plist */,
			);
			path = Dinosaur;
			sourceTree = "<group>";
		};
		3EDEDC571E6B47610013DF12 /* DinosaurTests */ = {
			isa = PBXGroup;
			children = (
				3EDEDC581E6B47610013DF12 /* DinosaurTests.swift */,
				3EDEDC5A1E6B47610013DF12 /* Info.plist */,
			);
			path = DinosaurTests;
			sourceTree = "<group>";
		};
		3EDEDC621E6B47620013DF12 /* DinosaurUITests */ = {
			isa = PBXGroup;
			children = (
				3EDEDC631E6B47620013DF12 /* DinosaurUITests.swift */,
				3EDEDC651E6B47620013DF12 /* Info.plist */,
			);
			path = DinosaurUITests;
			sourceTree = "<group>";
		};
		3EDEDC711E6B4A100013DF12 /* Views */ = {
			isa = PBXGroup;
			children = (
				3EDEDC471E6B47610013DF12 /* Main.storyboard */,
			);
			name = Views;
			sourceTree = "<group>";
		};
		3EDEDC721E6B4A160013DF12 /* Models */ = {
			isa = PBXGroup;
			children = (
				3EDEDC761E6B536B0013DF12 /* User.swift */,
				3E310A231E6B754F0008FDE9 /* AuthService.swift */,
				3E310A271E6B8E410008FDE9 /* UserService.swift */,
			);
			name = Models;
			sourceTree = "<group>";
		};
		3EDEDC731E6B4A1E0013DF12 /* Controllers */ = {
			isa = PBXGroup;
			children = (
				3EDEDC451E6B47610013DF12 /* ViewController.swift */,
				3EDEDC741E6B52F70013DF12 /* DonatedViewController.swift */,
				3E61F7611E6B6D7100AD6F5E /* ChallengeDonationViewController.swift */,
				3E61F7631E6B6EDD00AD6F5E /* TabBarViewController.swift */,
				3E61F7651E6B701F00AD6F5E /* ProfileViewController.swift */,
				3E61F7671E6B704E00AD6F5E /* InitialViewController.swift */,
			);
			name = Controllers;
			sourceTree = "<group>";
		};
		67A5C37F1CC656FEEBEFA0E1 /* Frameworks */ = {
			isa = PBXGroup;
			children = (
				D4AC30AC5E527894DD194BA2 /* Pods_Dinosaur.framework */,
			);
			name = Frameworks;
			sourceTree = "<group>";
		};
		8C6356DE8883E91EFB7F696D /* Pods */ = {
			isa = PBXGroup;
			children = (
				499E54212BD1D603CB9366CB /* Pods-Dinosaur.debug.xcconfig */,
				020002697D5A7C9DAD750996 /* Pods-Dinosaur.release.xcconfig */,
			);
			name = Pods;
			sourceTree = "<group>";
		};
/* End PBXGroup section */

/* Begin PBXNativeTarget section */
		3EDEDC3F1E6B47610013DF12 /* Dinosaur */ = {
			isa = PBXNativeTarget;
			buildConfigurationList = 3EDEDC681E6B47620013DF12 /* Build configuration list for PBXNativeTarget "Dinosaur" */;
			buildPhases = (
				97F43CFAF1B489FDAAB5CF2C /* [CP] Check Pods Manifest.lock */,
				3EDEDC3C1E6B47610013DF12 /* Sources */,
				3EDEDC3D1E6B47610013DF12 /* Frameworks */,
				3EDEDC3E1E6B47610013DF12 /* Resources */,
				EB7CF98024DE4D900AF6BBF5 /* [CP] Embed Pods Frameworks */,
				A3B0FA3AB6488996031B07A9 /* [CP] Copy Pods Resources */,
			);
			buildRules = (
			);
			dependencies = (
			);
			name = Dinosaur;
			productName = Dinosaur;
			productReference = 3EDEDC401E6B47610013DF12 /* Dinosaur.app */;
			productType = "com.apple.product-type.application";
		};
		3EDEDC531E6B47610013DF12 /* DinosaurTests */ = {
			isa = PBXNativeTarget;
			buildConfigurationList = 3EDEDC6B1E6B47620013DF12 /* Build configuration list for PBXNativeTarget "DinosaurTests" */;
			buildPhases = (
				3EDEDC501E6B47610013DF12 /* Sources */,
				3EDEDC511E6B47610013DF12 /* Frameworks */,
				3EDEDC521E6B47610013DF12 /* Resources */,
			);
			buildRules = (
			);
			dependencies = (
				3EDEDC561E6B47610013DF12 /* PBXTargetDependency */,
			);
			name = DinosaurTests;
			productName = DinosaurTests;
			productReference = 3EDEDC541E6B47610013DF12 /* DinosaurTests.xctest */;
			productType = "com.apple.product-type.bundle.unit-test";
		};
		3EDEDC5E1E6B47620013DF12 /* DinosaurUITests */ = {
			isa = PBXNativeTarget;
			buildConfigurationList = 3EDEDC6E1E6B47620013DF12 /* Build configuration list for PBXNativeTarget "DinosaurUITests" */;
			buildPhases = (
				3EDEDC5B1E6B47620013DF12 /* Sources */,
				3EDEDC5C1E6B47620013DF12 /* Frameworks */,
				3EDEDC5D1E6B47620013DF12 /* Resources */,
			);
			buildRules = (
			);
			dependencies = (
				3EDEDC611E6B47620013DF12 /* PBXTargetDependency */,
			);
			name = DinosaurUITests;
			productName = DinosaurUITests;
			productReference = 3EDEDC5F1E6B47620013DF12 /* DinosaurUITests.xctest */;
			productType = "com.apple.product-type.bundle.ui-testing";
		};
/* End PBXNativeTarget section */

/* Begin PBXProject section */
		3EDEDC381E6B47610013DF12 /* Project object */ = {
			isa = PBXProject;
			attributes = {
				LastSwiftUpdateCheck = 0830;
				LastUpgradeCheck = 0830;
				ORGANIZATIONNAME = "Myra Lukens";
				TargetAttributes = {
					3EDEDC3F1E6B47610013DF12 = {
						CreatedOnToolsVersion = 8.3;
						DevelopmentTeam = BX45H3NW68;
						ProvisioningStyle = Automatic;
					};
					3EDEDC531E6B47610013DF12 = {
						CreatedOnToolsVersion = 8.3;
						DevelopmentTeam = BX45H3NW68;
						ProvisioningStyle = Automatic;
						TestTargetID = 3EDEDC3F1E6B47610013DF12;
					};
					3EDEDC5E1E6B47620013DF12 = {
						CreatedOnToolsVersion = 8.3;
						DevelopmentTeam = BX45H3NW68;
						ProvisioningStyle = Automatic;
						TestTargetID = 3EDEDC3F1E6B47610013DF12;
					};
				};
			};
			buildConfigurationList = 3EDEDC3B1E6B47610013DF12 /* Build configuration list for PBXProject "Dinosaur" */;
			compatibilityVersion = "Xcode 3.2";
			developmentRegion = English;
			hasScannedForEncodings = 0;
			knownRegions = (
				en,
				Base,
			);
			mainGroup = 3EDEDC371E6B47610013DF12;
			productRefGroup = 3EDEDC411E6B47610013DF12 /* Products */;
			projectDirPath = "";
			projectRoot = "";
			targets = (
				3EDEDC3F1E6B47610013DF12 /* Dinosaur */,
				3EDEDC531E6B47610013DF12 /* DinosaurTests */,
				3EDEDC5E1E6B47620013DF12 /* DinosaurUITests */,
			);
		};
/* End PBXProject section */

/* Begin PBXResourcesBuildPhase section */
		3EDEDC3E1E6B47610013DF12 /* Resources */ = {
			isa = PBXResourcesBuildPhase;
			buildActionMask = 2147483647;
			files = (
				3EDEDC4E1E6B47610013DF12 /* LaunchScreen.storyboard in Resources */,
				3E310A261E6B7B670008FDE9 /* GoogleService-Info.plist in Resources */,
				3EDEDC4B1E6B47610013DF12 /* Assets.xcassets in Resources */,
				3EDEDC491E6B47610013DF12 /* Main.storyboard in Resources */,
			);
			runOnlyForDeploymentPostprocessing = 0;
		};
		3EDEDC521E6B47610013DF12 /* Resources */ = {
			isa = PBXResourcesBuildPhase;
			buildActionMask = 2147483647;
			files = (
			);
			runOnlyForDeploymentPostprocessing = 0;
		};
		3EDEDC5D1E6B47620013DF12 /* Resources */ = {
			isa = PBXResourcesBuildPhase;
			buildActionMask = 2147483647;
			files = (
			);
			runOnlyForDeploymentPostprocessing = 0;
		};
/* End PBXResourcesBuildPhase section */

/* Begin PBXShellScriptBuildPhase section */
		97F43CFAF1B489FDAAB5CF2C /* [CP] Check Pods Manifest.lock */ = {
			isa = PBXShellScriptBuildPhase;
			buildActionMask = 2147483647;
			files = (
			);
			inputPaths = (
			);
			name = "[CP] Check Pods Manifest.lock";
			outputPaths = (
			);
			runOnlyForDeploymentPostprocessing = 0;
			shellPath = /bin/sh;
			shellScript = "diff \"${PODS_ROOT}/../Podfile.lock\" \"${PODS_ROOT}/Manifest.lock\" > /dev/null\nif [ $? != 0 ] ; then\n    # print error to STDERR\n    echo \"error: The sandbox is not in sync with the Podfile.lock. Run 'pod install' or update your CocoaPods installation.\" >&2\n    exit 1\nfi\n";
			showEnvVarsInLog = 0;
		};
		A3B0FA3AB6488996031B07A9 /* [CP] Copy Pods Resources */ = {
			isa = PBXShellScriptBuildPhase;
			buildActionMask = 2147483647;
			files = (
			);
			inputPaths = (
			);
			name = "[CP] Copy Pods Resources";
			outputPaths = (
			);
			runOnlyForDeploymentPostprocessing = 0;
			shellPath = /bin/sh;
			shellScript = "\"${SRCROOT}/Pods/Target Support Files/Pods-Dinosaur/Pods-Dinosaur-resources.sh\"\n";
			showEnvVarsInLog = 0;
		};
		EB7CF98024DE4D900AF6BBF5 /* [CP] Embed Pods Frameworks */ = {
			isa = PBXShellScriptBuildPhase;
			buildActionMask = 2147483647;
			files = (
			);
			inputPaths = (
			);
			name = "[CP] Embed Pods Frameworks";
			outputPaths = (
			);
			runOnlyForDeploymentPostprocessing = 0;
			shellPath = /bin/sh;
			shellScript = "\"${SRCROOT}/Pods/Target Support Files/Pods-Dinosaur/Pods-Dinosaur-frameworks.sh\"\n";
			showEnvVarsInLog = 0;
		};
/* End PBXShellScriptBuildPhase section */

/* Begin PBXSourcesBuildPhase section */
		3EDEDC3C1E6B47610013DF12 /* Sources */ = {
			isa = PBXSourcesBuildPhase;
			buildActionMask = 2147483647;
			files = (
				3EDEDC771E6B536B0013DF12 /* User.swift in Sources */,
				3EDEDC461E6B47610013DF12 /* ViewController.swift in Sources */,
				3E61F7621E6B6D7100AD6F5E /* ChallengeDonationViewController.swift in Sources */,
				3EDEDC441E6B47610013DF12 /* AppDelegate.swift in Sources */,
				3E61F7661E6B701F00AD6F5E /* ProfileViewController.swift in Sources */,
				3E61F7641E6B6EDD00AD6F5E /* TabBarViewController.swift in Sources */,
				3E310A281E6B8E410008FDE9 /* UserService.swift in Sources */,
				3EDEDC751E6B52F70013DF12 /* DonatedViewController.swift in Sources */,
				3E310A241E6B754F0008FDE9 /* AuthService.swift in Sources */,
				3E61F7681E6B704E00AD6F5E /* InitialViewController.swift in Sources */,
			);
			runOnlyForDeploymentPostprocessing = 0;
		};
		3EDEDC501E6B47610013DF12 /* Sources */ = {
			isa = PBXSourcesBuildPhase;
			buildActionMask = 2147483647;
			files = (
				3EDEDC591E6B47610013DF12 /* DinosaurTests.swift in Sources */,
			);
			runOnlyForDeploymentPostprocessing = 0;
		};
		3EDEDC5B1E6B47620013DF12 /* Sources */ = {
			isa = PBXSourcesBuildPhase;
			buildActionMask = 2147483647;
			files = (
				3EDEDC641E6B47620013DF12 /* DinosaurUITests.swift in Sources */,
			);
			runOnlyForDeploymentPostprocessing = 0;
		};
/* End PBXSourcesBuildPhase section */

/* Begin PBXTargetDependency section */
		3EDEDC561E6B47610013DF12 /* PBXTargetDependency */ = {
			isa = PBXTargetDependency;
			target = 3EDEDC3F1E6B47610013DF12 /* Dinosaur */;
			targetProxy = 3EDEDC551E6B47610013DF12 /* PBXContainerItemProxy */;
		};
		3EDEDC611E6B47620013DF12 /* PBXTargetDependency */ = {
			isa = PBXTargetDependency;
			target = 3EDEDC3F1E6B47610013DF12 /* Dinosaur */;
			targetProxy = 3EDEDC601E6B47620013DF12 /* PBXContainerItemProxy */;
		};
/* End PBXTargetDependency section */

/* Begin PBXVariantGroup section */
		3EDEDC471E6B47610013DF12 /* Main.storyboard */ = {
			isa = PBXVariantGroup;
			children = (
				3EDEDC481E6B47610013DF12 /* Base */,
			);
			name = Main.storyboard;
			sourceTree = "<group>";
		};
		3EDEDC4C1E6B47610013DF12 /* LaunchScreen.storyboard */ = {
			isa = PBXVariantGroup;
			children = (
				3EDEDC4D1E6B47610013DF12 /* Base */,
			);
			name = LaunchScreen.storyboard;
			sourceTree = "<group>";
		};
/* End PBXVariantGroup section */

/* Begin XCBuildConfiguration section */
		3EDEDC661E6B47620013DF12 /* Debug */ = {
			isa = XCBuildConfiguration;
			buildSettings = {
				ALWAYS_SEARCH_USER_PATHS = NO;
				CLANG_ANALYZER_NONNULL = YES;
				CLANG_ANALYZER_NUMBER_OBJECT_CONVERSION = YES_AGGRESSIVE;
				CLANG_CXX_LANGUAGE_STANDARD = "gnu++0x";
				CLANG_CXX_LIBRARY = "libc++";
				CLANG_ENABLE_MODULES = YES;
				CLANG_ENABLE_OBJC_ARC = YES;
				CLANG_WARN_BOOL_CONVERSION = YES;
				CLANG_WARN_CONSTANT_CONVERSION = YES;
				CLANG_WARN_DIRECT_OBJC_ISA_USAGE = YES_ERROR;
				CLANG_WARN_DOCUMENTATION_COMMENTS = YES;
				CLANG_WARN_EMPTY_BODY = YES;
				CLANG_WARN_ENUM_CONVERSION = YES;
				CLANG_WARN_INFINITE_RECURSION = YES;
				CLANG_WARN_INT_CONVERSION = YES;
				CLANG_WARN_OBJC_ROOT_CLASS = YES_ERROR;
				CLANG_WARN_SUSPICIOUS_MOVE = YES;
				CLANG_WARN_UNREACHABLE_CODE = YES;
				CLANG_WARN__DUPLICATE_METHOD_MATCH = YES;
				"CODE_SIGN_IDENTITY[sdk=iphoneos*]" = "iPhone Developer";
				COPY_PHASE_STRIP = NO;
				DEBUG_INFORMATION_FORMAT = dwarf;
				ENABLE_STRICT_OBJC_MSGSEND = YES;
				ENABLE_TESTABILITY = YES;
				GCC_C_LANGUAGE_STANDARD = gnu99;
				GCC_DYNAMIC_NO_PIC = NO;
				GCC_NO_COMMON_BLOCKS = YES;
				GCC_OPTIMIZATION_LEVEL = 0;
				GCC_PREPROCESSOR_DEFINITIONS = (
					"DEBUG=1",
					"$(inherited)",
				);
				GCC_WARN_64_TO_32_BIT_CONVERSION = YES;
				GCC_WARN_ABOUT_RETURN_TYPE = YES_ERROR;
				GCC_WARN_UNDECLARED_SELECTOR = YES;
				GCC_WARN_UNINITIALIZED_AUTOS = YES_AGGRESSIVE;
				GCC_WARN_UNUSED_FUNCTION = YES;
				GCC_WARN_UNUSED_VARIABLE = YES;
				IPHONEOS_DEPLOYMENT_TARGET = 10.3;
				MTL_ENABLE_DEBUG_INFO = YES;
				ONLY_ACTIVE_ARCH = YES;
				SDKROOT = iphoneos;
				SWIFT_ACTIVE_COMPILATION_CONDITIONS = DEBUG;
				SWIFT_OPTIMIZATION_LEVEL = "-Onone";
			};
			name = Debug;
		};
		3EDEDC671E6B47620013DF12 /* Release */ = {
			isa = XCBuildConfiguration;
			buildSettings = {
				ALWAYS_SEARCH_USER_PATHS = NO;
				CLANG_ANALYZER_NONNULL = YES;
				CLANG_ANALYZER_NUMBER_OBJECT_CONVERSION = YES_AGGRESSIVE;
				CLANG_CXX_LANGUAGE_STANDARD = "gnu++0x";
				CLANG_CXX_LIBRARY = "libc++";
				CLANG_ENABLE_MODULES = YES;
				CLANG_ENABLE_OBJC_ARC = YES;
				CLANG_WARN_BOOL_CONVERSION = YES;
				CLANG_WARN_CONSTANT_CONVERSION = YES;
				CLANG_WARN_DIRECT_OBJC_ISA_USAGE = YES_ERROR;
				CLANG_WARN_DOCUMENTATION_COMMENTS = YES;
				CLANG_WARN_EMPTY_BODY = YES;
				CLANG_WARN_ENUM_CONVERSION = YES;
				CLANG_WARN_INFINITE_RECURSION = YES;
				CLANG_WARN_INT_CONVERSION = YES;
				CLANG_WARN_OBJC_ROOT_CLASS = YES_ERROR;
				CLANG_WARN_SUSPICIOUS_MOVE = YES;
				CLANG_WARN_UNREACHABLE_CODE = YES;
				CLANG_WARN__DUPLICATE_METHOD_MATCH = YES;
				"CODE_SIGN_IDENTITY[sdk=iphoneos*]" = "iPhone Developer";
				COPY_PHASE_STRIP = NO;
				DEBUG_INFORMATION_FORMAT = "dwarf-with-dsym";
				ENABLE_NS_ASSERTIONS = NO;
				ENABLE_STRICT_OBJC_MSGSEND = YES;
				GCC_C_LANGUAGE_STANDARD = gnu99;
				GCC_NO_COMMON_BLOCKS = YES;
				GCC_WARN_64_TO_32_BIT_CONVERSION = YES;
				GCC_WARN_ABOUT_RETURN_TYPE = YES_ERROR;
				GCC_WARN_UNDECLARED_SELECTOR = YES;
				GCC_WARN_UNINITIALIZED_AUTOS = YES_AGGRESSIVE;
				GCC_WARN_UNUSED_FUNCTION = YES;
				GCC_WARN_UNUSED_VARIABLE = YES;
				IPHONEOS_DEPLOYMENT_TARGET = 10.3;
				MTL_ENABLE_DEBUG_INFO = NO;
				SDKROOT = iphoneos;
				SWIFT_OPTIMIZATION_LEVEL = "-Owholemodule";
				VALIDATE_PRODUCT = YES;
			};
			name = Release;
		};
		3EDEDC691E6B47620013DF12 /* Debug */ = {
			isa = XCBuildConfiguration;
			baseConfigurationReference = 499E54212BD1D603CB9366CB /* Pods-Dinosaur.debug.xcconfig */;
			buildSettings = {
				ASSETCATALOG_COMPILER_APPICON_NAME = AppIcon;
				DEVELOPMENT_TEAM = BX45H3NW68;
				INFOPLIST_FILE = Dinosaur/Info.plist;
				LD_RUNPATH_SEARCH_PATHS = "$(inherited) @executable_path/Frameworks";
				PRODUCT_BUNDLE_IDENTIFIER = accesshack.Dinosaur;
				PRODUCT_NAME = "$(TARGET_NAME)";
				SWIFT_VERSION = 3.0;
			};
			name = Debug;
		};
		3EDEDC6A1E6B47620013DF12 /* Release */ = {
			isa = XCBuildConfiguration;
			baseConfigurationReference = 020002697D5A7C9DAD750996 /* Pods-Dinosaur.release.xcconfig */;
			buildSettings = {
				ASSETCATALOG_COMPILER_APPICON_NAME = AppIcon;
				DEVELOPMENT_TEAM = BX45H3NW68;
				INFOPLIST_FILE = Dinosaur/Info.plist;
				LD_RUNPATH_SEARCH_PATHS = "$(inherited) @executable_path/Frameworks";
				PRODUCT_BUNDLE_IDENTIFIER = accesshack.Dinosaur;
				PRODUCT_NAME = "$(TARGET_NAME)";
				SWIFT_VERSION = 3.0;
			};
			name = Release;
		};
		3EDEDC6C1E6B47620013DF12 /* Debug */ = {
			isa = XCBuildConfiguration;
			buildSettings = {
				ALWAYS_EMBED_SWIFT_STANDARD_LIBRARIES = YES;
				BUNDLE_LOADER = "$(TEST_HOST)";
				DEVELOPMENT_TEAM = BX45H3NW68;
				INFOPLIST_FILE = DinosaurTests/Info.plist;
				LD_RUNPATH_SEARCH_PATHS = "$(inherited) @executable_path/Frameworks @loader_path/Frameworks";
				PRODUCT_BUNDLE_IDENTIFIER = accesshack.DinosaurTests;
				PRODUCT_NAME = "$(TARGET_NAME)";
				SWIFT_VERSION = 3.0;
				TEST_HOST = "$(BUILT_PRODUCTS_DIR)/Dinosaur.app/Dinosaur";
			};
			name = Debug;
		};
		3EDEDC6D1E6B47620013DF12 /* Release */ = {
			isa = XCBuildConfiguration;
			buildSettings = {
				ALWAYS_EMBED_SWIFT_STANDARD_LIBRARIES = YES;
				BUNDLE_LOADER = "$(TEST_HOST)";
				DEVELOPMENT_TEAM = BX45H3NW68;
				INFOPLIST_FILE = DinosaurTests/Info.plist;
				LD_RUNPATH_SEARCH_PATHS = "$(inherited) @executable_path/Frameworks @loader_path/Frameworks";
				PRODUCT_BUNDLE_IDENTIFIER = accesshack.DinosaurTests;
				PRODUCT_NAME = "$(TARGET_NAME)";
				SWIFT_VERSION = 3.0;
				TEST_HOST = "$(BUILT_PRODUCTS_DIR)/Dinosaur.app/Dinosaur";
			};
			name = Release;
		};
		3EDEDC6F1E6B47620013DF12 /* Debug */ = {
			isa = XCBuildConfiguration;
			buildSettings = {
				ALWAYS_EMBED_SWIFT_STANDARD_LIBRARIES = YES;
				DEVELOPMENT_TEAM = BX45H3NW68;
				INFOPLIST_FILE = DinosaurUITests/Info.plist;
				LD_RUNPATH_SEARCH_PATHS = "$(inherited) @executable_path/Frameworks @loader_path/Frameworks";
				PRODUCT_BUNDLE_IDENTIFIER = accesshack.DinosaurUITests;
				PRODUCT_NAME = "$(TARGET_NAME)";
				SWIFT_VERSION = 3.0;
				TEST_TARGET_NAME = Dinosaur;
			};
			name = Debug;
		};
		3EDEDC701E6B47620013DF12 /* Release */ = {
			isa = XCBuildConfiguration;
			buildSettings = {
				ALWAYS_EMBED_SWIFT_STANDARD_LIBRARIES = YES;
				DEVELOPMENT_TEAM = BX45H3NW68;
				INFOPLIST_FILE = DinosaurUITests/Info.plist;
				LD_RUNPATH_SEARCH_PATHS = "$(inherited) @executable_path/Frameworks @loader_path/Frameworks";
				PRODUCT_BUNDLE_IDENTIFIER = accesshack.DinosaurUITests;
				PRODUCT_NAME = "$(TARGET_NAME)";
				SWIFT_VERSION = 3.0;
				TEST_TARGET_NAME = Dinosaur;
			};
			name = Release;
		};
/* End XCBuildConfiguration section */

/* Begin XCConfigurationList section */
		3EDEDC3B1E6B47610013DF12 /* Build configuration list for PBXProject "Dinosaur" */ = {
			isa = XCConfigurationList;
			buildConfigurations = (
				3EDEDC661E6B47620013DF12 /* Debug */,
				3EDEDC671E6B47620013DF12 /* Release */,
			);
			defaultConfigurationIsVisible = 0;
			defaultConfigurationName = Release;
		};
		3EDEDC681E6B47620013DF12 /* Build configuration list for PBXNativeTarget "Dinosaur" */ = {
			isa = XCConfigurationList;
			buildConfigurations = (
				3EDEDC691E6B47620013DF12 /* Debug */,
				3EDEDC6A1E6B47620013DF12 /* Release */,
			);
			defaultConfigurationIsVisible = 0;
			defaultConfigurationName = Release;
		};
		3EDEDC6B1E6B47620013DF12 /* Build configuration list for PBXNativeTarget "DinosaurTests" */ = {
			isa = XCConfigurationList;
			buildConfigurations = (
				3EDEDC6C1E6B47620013DF12 /* Debug */,
				3EDEDC6D1E6B47620013DF12 /* Release */,
			);
			defaultConfigurationIsVisible = 0;
			defaultConfigurationName = Release;
		};
		3EDEDC6E1E6B47620013DF12 /* Build configuration list for PBXNativeTarget "DinosaurUITests" */ = {
			isa = XCConfigurationList;
			buildConfigurations = (
				3EDEDC6F1E6B47620013DF12 /* Debug */,
				3EDEDC701E6B47620013DF12 /* Release */,
			);
			defaultConfigurationIsVisible = 0;
			defaultConfigurationName = Release;
		};
/* End XCConfigurationList section */
	};
	rootObject = 3EDEDC381E6B47610013DF12 /* Project object */;
}
